
Microsoft Visual Studio Solution File, Format Version 12.00
# Visual Studio Version 16
VisualStudioVersion = 16.0.30523.141
MinimumVisualStudioVersion = 10.0.40219.1
Project("{8BC9CEB8-8B4A-11D0-8D11-00A0C91BC942}") = "6_5", "6_5.vcxproj", "{FE5A9EA1-A6BF-4596-A93B-402A2B29FBF4}"
EndProject
Global
	GlobalSection(SolutionConfigurationPlatforms) = preSolution
		Debug|x64 = Debug|x64
		Debug|x86 = Debug|x86
		Release|x64 = Release|x64
		Release|x86 = Release|x86
	EndGlobalSection
	GlobalSection(ProjectConfigurationPlatforms) = postSolution
		{FE5A9EA1-A6BF-4596-A93B-402A2B29FBF4}.Debug|x64.ActiveCfg = Debug|x64
		{FE5A9EA1-A6BF-4596-A93B-402A2B29FBF4}.Debug|x64.Build.0 = Debug|x64
		{FE5A9EA1-A6BF-4596-A93B-402A2B29FBF4}.Debug|x86.ActiveCfg = Debug|Win32
		{FE5A9EA1-A6BF-4596-A93B-402A2B29FBF4}.Debug|x86.Build.0 = Debug|Win32
		{FE5A9EA1-A6BF-4596-A93B-402A2B29FBF4}.Release|x64.ActiveCfg = Release|x64
		{FE5A9EA1-A6BF-4596-A93B-402A2B29FBF4}.Release|x64.Build.0 = Release|x64
		{FE5A9EA1-A6BF-4596-A93B-402A2B29FBF4}.Release|x86.ActiveCfg = Release|Win32
		{FE5A9EA1-A6BF-4596-A93B-402A2B29FBF4}.Release|x86.Build.0 = Release|Win32
	EndGlobalSection
	GlobalSection(SolutionProperties) = preSolution
		HideSolutionNode = FALSE
	EndGlobalSection
	GlobalSection(ExtensibilityGlobals) = postSolution
		SolutionGuid = {9122602D-1DB0-4236-9386-1747F7A82349}
	EndGlobalSection
EndGlobal
