
Microsoft Visual Studio Solution File, Format Version 12.00
# Visual Studio Version 16
VisualStudioVersion = 16.0.30523.141
MinimumVisualStudioVersion = 10.0.40219.1
Project("{FAE04EC0-301F-11D3-BF4B-00C04F79EFBC}") = "1", "1.csproj", "{6E4ABED2-34BF-43F8-8E59-E1E329E2A04A}"
EndProject
Global
	GlobalSection(SolutionConfigurationPlatforms) = preSolution
		Debug|Any CPU = Debug|Any CPU
		Release|Any CPU = Release|Any CPU
	EndGlobalSection
	GlobalSection(ProjectConfigurationPlatforms) = postSolution
		{6E4ABED2-34BF-43F8-8E59-E1E329E2A04A}.Debug|Any CPU.ActiveCfg = Debug|Any CPU
		{6E4ABED2-34BF-43F8-8E59-E1E329E2A04A}.Debug|Any CPU.Build.0 = Debug|Any CPU
		{6E4ABED2-34BF-43F8-8E59-E1E329E2A04A}.Release|Any CPU.ActiveCfg = Release|Any CPU
		{6E4ABED2-34BF-43F8-8E59-E1E329E2A04A}.Release|Any CPU.Build.0 = Release|Any CPU
	EndGlobalSection
	GlobalSection(SolutionProperties) = preSolution
		HideSolutionNode = FALSE
	EndGlobalSection
	GlobalSection(ExtensibilityGlobals) = postSolution
		SolutionGuid = {28B38D2B-1FF7-4DB4-AB7E-A421FD7A5510}
	EndGlobalSection
EndGlobal
